{
  "object": {
    "pins": [
      {
        "package": "MaterialUI",
        "repositoryURL": "https://github.com/chkn/MaterialUI",
        "state": {
          "branch": "master",
          "revision": "775decbe53c0dd05278d82481cddc3321e4a153d",
          "version": null
        }
      }
    ]
  },
  "version": 1
}
